
Microsoft Visual Studio Solution File, Format Version 12.00
# Visual Studio Version 16
VisualStudioVersion = 16.0.29519.181
MinimumVisualStudioVersion = 10.0.40219.1
Project("{FAE04EC0-301F-11D3-BF4B-00C04F79EFBC}") = "Recommender.Android", "Recommender.Android\Recommender.Android.csproj", "{9E94BD7F-F211-4B92-8342-5BD09D3A1871}"
EndProject
Project("{FAE04EC0-301F-11D3-BF4B-00C04F79EFBC}") = "Recommender", "Recommender\Recommender.csproj", "{97EE3B93-856D-42D7-92FB-457C53283559}"
EndProject
Global
	GlobalSection(SolutionConfigurationPlatforms) = preSolution
		Debug|Any CPU = Debug|Any CPU
		Release|Any CPU = Release|Any CPU
	EndGlobalSection
	GlobalSection(ProjectConfigurationPlatforms) = postSolution
		{9E94BD7F-F211-4B92-8342-5BD09D3A1871}.Debug|Any CPU.ActiveCfg = Debug|Any CPU
		{9E94BD7F-F211-4B92-8342-5BD09D3A1871}.Debug|Any CPU.Build.0 = Debug|Any CPU
		{9E94BD7F-F211-4B92-8342-5BD09D3A1871}.Debug|Any CPU.Deploy.0 = Debug|Any CPU
		{9E94BD7F-F211-4B92-8342-5BD09D3A1871}.Release|Any CPU.ActiveCfg = Release|Any CPU
		{9E94BD7F-F211-4B92-8342-5BD09D3A1871}.Release|Any CPU.Build.0 = Release|Any CPU
		{9E94BD7F-F211-4B92-8342-5BD09D3A1871}.Release|Any CPU.Deploy.0 = Release|Any CPU
		{97EE3B93-856D-42D7-92FB-457C53283559}.Debug|Any CPU.ActiveCfg = Debug|Any CPU
		{97EE3B93-856D-42D7-92FB-457C53283559}.Debug|Any CPU.Build.0 = Debug|Any CPU
		{97EE3B93-856D-42D7-92FB-457C53283559}.Debug|Any CPU.Deploy.0 = Debug|Any CPU
		{97EE3B93-856D-42D7-92FB-457C53283559}.Release|Any CPU.ActiveCfg = Release|Any CPU
		{97EE3B93-856D-42D7-92FB-457C53283559}.Release|Any CPU.Build.0 = Release|Any CPU
		{97EE3B93-856D-42D7-92FB-457C53283559}.Release|Any CPU.Deploy.0 = Release|Any CPU
	EndGlobalSection
	GlobalSection(SolutionProperties) = preSolution
		HideSolutionNode = FALSE
	EndGlobalSection
	GlobalSection(ExtensibilityGlobals) = postSolution
		SolutionGuid = {54FEF334-B58C-461C-89FC-658C382BCA8A}
	EndGlobalSection
EndGlobal
